
Microsoft Visual Studio Solution File, Format Version 12.00
# Visual Studio 15
VisualStudioVersion = 15.0.28307.168
MinimumVisualStudioVersion = 10.0.40219.1
Project("{FAE04EC0-301F-11D3-BF4B-00C04F79EFBC}") = "FunFacts", "FunFacts\FunFacts.csproj", "{69C40B51-57B2-46CF-BBC6-541880258AF1}"
EndProject
Global
	GlobalSection(SolutionConfigurationPlatforms) = preSolution
		Debug|Any CPU = Debug|Any CPU
		Release|Any CPU = Release|Any CPU
	EndGlobalSection
	GlobalSection(ProjectConfigurationPlatforms) = postSolution
		{69C40B51-57B2-46CF-BBC6-541880258AF1}.Debug|Any CPU.ActiveCfg = Debug|Any CPU
		{69C40B51-57B2-46CF-BBC6-541880258AF1}.Debug|Any CPU.Build.0 = Debug|Any CPU
		{69C40B51-57B2-46CF-BBC6-541880258AF1}.Release|Any CPU.ActiveCfg = Release|Any CPU
		{69C40B51-57B2-46CF-BBC6-541880258AF1}.Release|Any CPU.Build.0 = Release|Any CPU
	EndGlobalSection
	GlobalSection(SolutionProperties) = preSolution
		HideSolutionNode = FALSE
	EndGlobalSection
	GlobalSection(ExtensibilityGlobals) = postSolution
		SolutionGuid = {BF94118F-2F97-42DD-80C0-D871541797FF}
	EndGlobalSection
EndGlobal
